
Microsoft Visual Studio Solution File, Format Version 12.00
# Visual Studio Version 17
VisualStudioVersion = 17.2.32616.157
MinimumVisualStudioVersion = 10.0.40219.1
Project("{9A19103F-16F7-4668-BE54-9A1E7A4F7556}") = "ECommerceMainAPI_App", "ECommerceMainAPI_App\ECommerceMainAPI_App.csproj", "{736E623A-AFAF-4A9C-8AB4-947DB4F39467}"
EndProject
Project("{9A19103F-16F7-4668-BE54-9A1E7A4F7556}") = "ECommerceDataModel", "ECommerceDataModel\ECommerceDataModel.csproj", "{BA428670-64B2-4ACA-BB78-D1A0924381F0}"
EndProject
Project("{9A19103F-16F7-4668-BE54-9A1E7A4F7556}") = "ProductService_App", "ProductService_App\ProductService_App\ProductService_App.csproj", "{F24E63BB-AF29-4C10-90F1-AEDC54B11806}"
EndProject
Project("{9A19103F-16F7-4668-BE54-9A1E7A4F7556}") = "USerServices_App", "USerServices_App\USerServices_App\USerServices_App.csproj", "{7716CFDA-FC7A-4910-8728-E56B6E652D35}"
EndProject
Project("{FAE04EC0-301F-11D3-BF4B-00C04F79EFBC}") = "OcelotDemo", "OcelotDemo\OcelotDemo.csproj", "{E2F4B247-C18A-420C-91A6-43D8FDCBD9FC}"
EndProject
Global
	GlobalSection(SolutionConfigurationPlatforms) = preSolution
		Debug|Any CPU = Debug|Any CPU
		Release|Any CPU = Release|Any CPU
	EndGlobalSection
	GlobalSection(ProjectConfigurationPlatforms) = postSolution
		{736E623A-AFAF-4A9C-8AB4-947DB4F39467}.Debug|Any CPU.ActiveCfg = Debug|Any CPU
		{736E623A-AFAF-4A9C-8AB4-947DB4F39467}.Debug|Any CPU.Build.0 = Debug|Any CPU
		{736E623A-AFAF-4A9C-8AB4-947DB4F39467}.Release|Any CPU.ActiveCfg = Release|Any CPU
		{736E623A-AFAF-4A9C-8AB4-947DB4F39467}.Release|Any CPU.Build.0 = Release|Any CPU
		{BA428670-64B2-4ACA-BB78-D1A0924381F0}.Debug|Any CPU.ActiveCfg = Debug|Any CPU
		{BA428670-64B2-4ACA-BB78-D1A0924381F0}.Debug|Any CPU.Build.0 = Debug|Any CPU
		{BA428670-64B2-4ACA-BB78-D1A0924381F0}.Release|Any CPU.ActiveCfg = Release|Any CPU
		{BA428670-64B2-4ACA-BB78-D1A0924381F0}.Release|Any CPU.Build.0 = Release|Any CPU
		{F24E63BB-AF29-4C10-90F1-AEDC54B11806}.Debug|Any CPU.ActiveCfg = Debug|Any CPU
		{F24E63BB-AF29-4C10-90F1-AEDC54B11806}.Debug|Any CPU.Build.0 = Debug|Any CPU
		{F24E63BB-AF29-4C10-90F1-AEDC54B11806}.Release|Any CPU.ActiveCfg = Release|Any CPU
		{F24E63BB-AF29-4C10-90F1-AEDC54B11806}.Release|Any CPU.Build.0 = Release|Any CPU
		{7716CFDA-FC7A-4910-8728-E56B6E652D35}.Debug|Any CPU.ActiveCfg = Debug|Any CPU
		{7716CFDA-FC7A-4910-8728-E56B6E652D35}.Debug|Any CPU.Build.0 = Debug|Any CPU
		{7716CFDA-FC7A-4910-8728-E56B6E652D35}.Release|Any CPU.ActiveCfg = Release|Any CPU
		{7716CFDA-FC7A-4910-8728-E56B6E652D35}.Release|Any CPU.Build.0 = Release|Any CPU
		{E2F4B247-C18A-420C-91A6-43D8FDCBD9FC}.Debug|Any CPU.ActiveCfg = Debug|Any CPU
		{E2F4B247-C18A-420C-91A6-43D8FDCBD9FC}.Debug|Any CPU.Build.0 = Debug|Any CPU
		{E2F4B247-C18A-420C-91A6-43D8FDCBD9FC}.Release|Any CPU.ActiveCfg = Release|Any CPU
		{E2F4B247-C18A-420C-91A6-43D8FDCBD9FC}.Release|Any CPU.Build.0 = Release|Any CPU
	EndGlobalSection
	GlobalSection(SolutionProperties) = preSolution
		HideSolutionNode = FALSE
	EndGlobalSection
	GlobalSection(ExtensibilityGlobals) = postSolution
		SolutionGuid = {4EFDEFE8-3156-4207-8568-EC2C8AD9AD52}
	EndGlobalSection
EndGlobal
