
Microsoft Visual Studio Solution File, Format Version 12.00
# Visual Studio Version 17
VisualStudioVersion = 17.2.32616.157
MinimumVisualStudioVersion = 10.0.40219.1
Project("{9A19103F-16F7-4668-BE54-9A1E7A4F7556}") = "USerServices_App", "USerServices_App\USerServices_App.csproj", "{1E51C038-2967-46E2-A07D-294CAD10C4B5}"
EndProject
Project("{9A19103F-16F7-4668-BE54-9A1E7A4F7556}") = "ECommerceDataModel", "..\ECommerceApp\ECommerceDataModel\ECommerceDataModel.csproj", "{25CEBA05-B33A-47D2-9E7E-A14885F65B7E}"
EndProject
Project("{FAE04EC0-301F-11D3-BF4B-00C04F79EFBC}") = "APIGate", "APIGate\APIGate.csproj", "{97238FD4-09BC-42CD-B782-ECB9F0E6E327}"
EndProject
Global
	GlobalSection(SolutionConfigurationPlatforms) = preSolution
		Debug|Any CPU = Debug|Any CPU
		Release|Any CPU = Release|Any CPU
	EndGlobalSection
	GlobalSection(ProjectConfigurationPlatforms) = postSolution
		{1E51C038-2967-46E2-A07D-294CAD10C4B5}.Debug|Any CPU.ActiveCfg = Debug|Any CPU
		{1E51C038-2967-46E2-A07D-294CAD10C4B5}.Debug|Any CPU.Build.0 = Debug|Any CPU
		{1E51C038-2967-46E2-A07D-294CAD10C4B5}.Release|Any CPU.ActiveCfg = Release|Any CPU
		{1E51C038-2967-46E2-A07D-294CAD10C4B5}.Release|Any CPU.Build.0 = Release|Any CPU
		{25CEBA05-B33A-47D2-9E7E-A14885F65B7E}.Debug|Any CPU.ActiveCfg = Debug|Any CPU
		{25CEBA05-B33A-47D2-9E7E-A14885F65B7E}.Debug|Any CPU.Build.0 = Debug|Any CPU
		{25CEBA05-B33A-47D2-9E7E-A14885F65B7E}.Release|Any CPU.ActiveCfg = Release|Any CPU
		{25CEBA05-B33A-47D2-9E7E-A14885F65B7E}.Release|Any CPU.Build.0 = Release|Any CPU
		{97238FD4-09BC-42CD-B782-ECB9F0E6E327}.Debug|Any CPU.ActiveCfg = Debug|Any CPU
		{97238FD4-09BC-42CD-B782-ECB9F0E6E327}.Debug|Any CPU.Build.0 = Debug|Any CPU
		{97238FD4-09BC-42CD-B782-ECB9F0E6E327}.Release|Any CPU.ActiveCfg = Release|Any CPU
		{97238FD4-09BC-42CD-B782-ECB9F0E6E327}.Release|Any CPU.Build.0 = Release|Any CPU
	EndGlobalSection
	GlobalSection(SolutionProperties) = preSolution
		HideSolutionNode = FALSE
	EndGlobalSection
	GlobalSection(ExtensibilityGlobals) = postSolution
		SolutionGuid = {E4CDD4BC-5236-4F94-8D00-51E5436391FF}
	EndGlobalSection
EndGlobal
